
Microsoft Visual Studio Solution File, Format Version 12.00
# Visual Studio 2013
VisualStudioVersion = 12.0.31101.0
MinimumVisualStudioVersion = 10.0.40219.1
Project("{FAE04EC0-301F-11D3-BF4B-00C04F79EFBC}") = "VikingErik.Net.Http.ProgressiveDownload", "VikingErik.Net.Http.ProgressiveDownload\VikingErik.Net.Http.ProgressiveDownload.csproj", "{EF9B53A9-6DD5-43A5-91B6-250DDCB46166}"
EndProject
Project("{FAE04EC0-301F-11D3-BF4B-00C04F79EFBC}") = "VikingErik.ProgressiveDownload.Tests", "VikingErik.ProgressiveDownload.Tests\VikingErik.ProgressiveDownload.Tests.csproj", "{7B8F1F5D-C45A-4643-B936-775F68517045}"
EndProject
Global
	GlobalSection(SolutionConfigurationPlatforms) = preSolution
		Debug|Any CPU = Debug|Any CPU
		Release|Any CPU = Release|Any CPU
	EndGlobalSection
	GlobalSection(ProjectConfigurationPlatforms) = postSolution
		{EF9B53A9-6DD5-43A5-91B6-250DDCB46166}.Debug|Any CPU.ActiveCfg = Debug|Any CPU
		{EF9B53A9-6DD5-43A5-91B6-250DDCB46166}.Debug|Any CPU.Build.0 = Debug|Any CPU
		{EF9B53A9-6DD5-43A5-91B6-250DDCB46166}.Release|Any CPU.ActiveCfg = Release|Any CPU
		{EF9B53A9-6DD5-43A5-91B6-250DDCB46166}.Release|Any CPU.Build.0 = Release|Any CPU
		{7B8F1F5D-C45A-4643-B936-775F68517045}.Debug|Any CPU.ActiveCfg = Debug|Any CPU
		{7B8F1F5D-C45A-4643-B936-775F68517045}.Debug|Any CPU.Build.0 = Debug|Any CPU
		{7B8F1F5D-C45A-4643-B936-775F68517045}.Release|Any CPU.ActiveCfg = Release|Any CPU
		{7B8F1F5D-C45A-4643-B936-775F68517045}.Release|Any CPU.Build.0 = Release|Any CPU
	EndGlobalSection
	GlobalSection(SolutionProperties) = preSolution
		HideSolutionNode = FALSE
	EndGlobalSection
EndGlobal
